<Solution>
  <Folder Name="/src/">
    <Project Path="src/RelayHook.Core/RelayHook.Core.csproj" />
    <Project Path="src/RelayHook.Authentication/RelayHook.Authentication.csproj" />
    <Project Path="src/RelayHook.SqlServer/RelayHook.SqlServer.csproj" />
    <Project Path="src/RelayHook.AspNetCore/RelayHook.AspNetCore.csproj" />
  </Folder>
  <Folder Name="/tests/">
    <Project Path="tests/RelayHook.Core.Tests/RelayHook.Core.Tests.csproj" />
    <Project Path="tests/RelayHook.Authentication.Tests/RelayHook.Authentication.Tests.csproj" />
    <Project Path="tests/RelayHook.AspNetCore.Tests/RelayHook.AspNetCore.Tests.csproj" />
    <Project Path="tests/RelayHook.SqlServer.Tests/RelayHook.SqlServer.Tests.csproj" />
    <Project Path="tests/RelayHook.IntegrationTests/RelayHook.IntegrationTests.csproj" />
  </Folder>
</Solution>
